
Microsoft Visual Studio Solution File, Format Version 12.00
# Visual Studio Version 16
VisualStudioVersion = 16.0.30717.126
MinimumVisualStudioVersion = 10.0.40219.1
Project("{FAE04EC0-301F-11D3-BF4B-00C04F79EFBC}") = "DrawingExamples", "DrawingExamples\DrawingExamples.csproj", "{63CF0C37-26ED-4E09-AB17-F1EDC28F609C}"
EndProject
Global
	GlobalSection(SolutionConfigurationPlatforms) = preSolution
		Debug|Any CPU = Debug|Any CPU
		Release|Any CPU = Release|Any CPU
	EndGlobalSection
	GlobalSection(ProjectConfigurationPlatforms) = postSolution
		{63CF0C37-26ED-4E09-AB17-F1EDC28F609C}.Debug|Any CPU.ActiveCfg = Debug|Any CPU
		{63CF0C37-26ED-4E09-AB17-F1EDC28F609C}.Debug|Any CPU.Build.0 = Debug|Any CPU
		{63CF0C37-26ED-4E09-AB17-F1EDC28F609C}.Release|Any CPU.ActiveCfg = Release|Any CPU
		{63CF0C37-26ED-4E09-AB17-F1EDC28F609C}.Release|Any CPU.Build.0 = Release|Any CPU
	EndGlobalSection
	GlobalSection(SolutionProperties) = preSolution
		HideSolutionNode = FALSE
	EndGlobalSection
	GlobalSection(ExtensibilityGlobals) = postSolution
		SolutionGuid = {1AB1CB3F-599C-42D6-B0F7-1E87D22B2686}
	EndGlobalSection
EndGlobal
